
Microsoft Visual Studio Solution File, Format Version 12.00
# Visual Studio Version 17
VisualStudioVersion = 17.8.34330.188
MinimumVisualStudioVersion = 10.0.40219.1
Project("{FAE04EC0-301F-11D3-BF4B-00C04F79EFBC}") = "PokemonReviewApp", "PokemonReviewApp.csproj", "{0D258799-BC39-40D5-91C2-3A0F0EE8D672}"
EndProject
Global
	GlobalSection(SolutionConfigurationPlatforms) = preSolution
		Debug|Any CPU = Debug|Any CPU
		Release|Any CPU = Release|Any CPU
	EndGlobalSection
	GlobalSection(ProjectConfigurationPlatforms) = postSolution
		{0D258799-BC39-40D5-91C2-3A0F0EE8D672}.Debug|Any CPU.ActiveCfg = Debug|Any CPU
		{0D258799-BC39-40D5-91C2-3A0F0EE8D672}.Debug|Any CPU.Build.0 = Debug|Any CPU
		{0D258799-BC39-40D5-91C2-3A0F0EE8D672}.Release|Any CPU.ActiveCfg = Release|Any CPU
		{0D258799-BC39-40D5-91C2-3A0F0EE8D672}.Release|Any CPU.Build.0 = Release|Any CPU
	EndGlobalSection
	GlobalSection(SolutionProperties) = preSolution
		HideSolutionNode = FALSE
	EndGlobalSection
	GlobalSection(ExtensibilityGlobals) = postSolution
		SolutionGuid = {B10E3530-CFE8-4512-9FAE-F4D7CEA8F98C}
	EndGlobalSection
EndGlobal
